
Microsoft Visual Studio Solution File, Format Version 12.00
# Visual Studio Version 17
VisualStudioVersion = 17.14.36121.58 d17.14
MinimumVisualStudioVersion = 10.0.40219.1
Project("{D2ABAB84-BF74-430A-B69E-9DC6D40DDA17}") = "Desafio_2_RR160517", "Desafio_2_RR160517\Desafio_2_RR160517.dwproj", "{2CFB70D6-9EE9-94FE-2A18-6C088AE3D186}"
EndProject
Global
	GlobalSection(SolutionConfigurationPlatforms) = preSolution
		Development|Default = Development|Default
	EndGlobalSection
	GlobalSection(ProjectConfigurationPlatforms) = postSolution
		{2CFB70D6-9EE9-94FE-2A18-6C088AE3D186}.Development|Default.ActiveCfg = Development
		{2CFB70D6-9EE9-94FE-2A18-6C088AE3D186}.Development|Default.Build.0 = Development
		{2CFB70D6-9EE9-94FE-2A18-6C088AE3D186}.Development|Default.Deploy.0 = Development
	EndGlobalSection
	GlobalSection(SolutionProperties) = preSolution
		HideSolutionNode = FALSE
	EndGlobalSection
	GlobalSection(ExtensibilityGlobals) = postSolution
		SolutionGuid = {57CEF312-3441-4F48-A3C6-8528DF6A76E8}
	EndGlobalSection
EndGlobal
